// !$*UTF8*$!
{
	archiveVersion = 1;
	classes = {
	};
	objectVersion = 46;
	objects = {

/* Begin PBXBuildFile section */
		551427561E2EDE030018DD09 /* AppDelegate.swift in Sources */ = {isa = PBXBuildFile; fileRef = 551427551E2EDE030018DD09 /* AppDelegate.swift */; };
		551427581E2EDE030018DD09 /* ViewController.swift in Sources */ = {isa = PBXBuildFile; fileRef = 551427571E2EDE030018DD09 /* ViewController.swift */; };
		5514275B1E2EDE030018DD09 /* Main.storyboard in Resources */ = {isa = PBXBuildFile; fileRef = 551427591E2EDE030018DD09 /* Main.storyboard */; };
		5514275D1E2EDE030018DD09 /* Assets.xcassets in Resources */ = {isa = PBXBuildFile; fileRef = 5514275C1E2EDE030018DD09 /* Assets.xcassets */; };
		551427601E2EDE030018DD09 /* LaunchScreen.storyboard in Resources */ = {isa = PBXBuildFile; fileRef = 5514275E1E2EDE030018DD09 /* LaunchScreen.storyboard */; };
/* End PBXBuildFile section */

/* Begin PBXFileReference section */
		551427521E2EDE030018DD09 /* w2d1-demo.app */ = {isa = PBXFileReference; explicitFileType = wrapper.application; includeInIndex = 0; path = "w2d1-demo.app"; sourceTree = BUILT_PRODUCTS_DIR; };
		551427551E2EDE030018DD09 /* AppDelegate.swift */ = {isa = PBXFileReference; lastKnownFileType = sourcecode.swift; path = AppDelegate.swift; sourceTree = "<group>"; };
		551427571E2EDE030018DD09 /* ViewController.swift */ = {isa = PBXFileReference; lastKnownFileType = sourcecode.swift; path = ViewController.swift; sourceTree = "<group>"; };
		5514275A1E2EDE030018DD09 /* Base */ = {isa = PBXFileReference; lastKnownFileType = file.storyboard; name = Base; path = Base.lproj/Main.storyboard; sourceTree = "<group>"; };
		5514275C1E2EDE030018DD09 /* Assets.xcassets */ = {isa = PBXFileReference; lastKnownFileType = folder.assetcatalog; path = Assets.xcassets; sourceTree = "<group>"; };
		5514275F1E2EDE030018DD09 /* Base */ = {isa = PBXFileReference; lastKnownFileType = file.storyboard; name = Base; path = Base.lproj/LaunchScreen.storyboard; sourceTree = "<group>"; };
		551427611E2EDE030018DD09 /* Info.plist */ = {isa = PBXFileReference; lastKnownFileType = text.plist.xml; path = Info.plist; sourceTree = "<group>"; };
/* End PBXFileReference section */

/* Begin PBXFrameworksBuildPhase section */
		5514274F1E2EDE030018DD09 /* Frameworks */ = {
			isa = PBXFrameworksBuildPhase;
			buildActionMask = 2147483647;
			files = (
			);
			runOnlyForDeploymentPostprocessing = 0;
		};
/* End PBXFrameworksBuildPhase section */

/* Begin PBXGroup section */
		551427491E2EDE030018DD09 = {
			isa = PBXGroup;
			children = (
				551427541E2EDE030018DD09 /* w2d1-demo */,
				551427531E2EDE030018DD09 /* Products */,
			);
			sourceTree = "<group>";
		};
		551427531E2EDE030018DD09 /* Products */ = {
			isa = PBXGroup;
			children = (
				551427521E2EDE030018DD09 /* w2d1-demo.app */,
			);
			name = Products;
			sourceTree = "<group>";
		};
		551427541E2EDE030018DD09 /* w2d1-demo */ = {
			isa = PBXGroup;
			children = (
				551427551E2EDE030018DD09 /* AppDelegate.swift */,
				551427571E2EDE030018DD09 /* ViewController.swift */,
				551427591E2EDE030018DD09 /* Main.storyboard */,
				5514275C1E2EDE030018DD09 /* Assets.xcassets */,
				5514275E1E2EDE030018DD09 /* LaunchScreen.storyboard */,
				551427611E2EDE030018DD09 /* Info.plist */,
			);
			path = "w2d1-demo";
			sourceTree = "<group>";
		};
/* End PBXGroup section */

/* Begin PBXNativeTarget section */
		551427511E2EDE030018DD09 /* w2d1-demo */ = {
			isa = PBXNativeTarget;
			buildConfigurationList = 551427641E2EDE030018DD09 /* Build configuration list for PBXNativeTarget "w2d1-demo" */;
			buildPhases = (
				5514274E1E2EDE030018DD09 /* Sources */,
				5514274F1E2EDE030018DD09 /* Frameworks */,
				551427501E2EDE030018DD09 /* Resources */,
			);
			buildRules = (
			);
			dependencies = (
			);
			name = "w2d1-demo";
			productName = "w2d1-demo";
			productReference = 551427521E2EDE030018DD09 /* w2d1-demo.app */;
			productType = "com.apple.product-type.application";
		};
/* End PBXNativeTarget section */

/* Begin PBXProject section */
		5514274A1E2EDE030018DD09 /* Project object */ = {
			isa = PBXProject;
			attributes = {
				LastSwiftUpdateCheck = 0810;
				LastUpgradeCheck = 0810;
				ORGANIZATIONNAME = "David Mills";
				TargetAttributes = {
					551427511E2EDE030018DD09 = {
						CreatedOnToolsVersion = 8.1;
						DevelopmentTeam = 8KDQYJRUV8;
						ProvisioningStyle = Automatic;
					};
				};
			};
			buildConfigurationList = 5514274D1E2EDE030018DD09 /* Build configuration list for PBXProject "w2d1-demo" */;
			compatibilityVersion = "Xcode 3.2";
			developmentRegion = English;
			hasScannedForEncodings = 0;
			knownRegions = (
				en,
				Base,
			);
			mainGroup = 551427491E2EDE030018DD09;
			productRefGroup = 551427531E2EDE030018DD09 /* Products */;
			projectDirPath = "";
			projectRoot = "";
			targets = (
				551427511E2EDE030018DD09 /* w2d1-demo */,
			);
		};
/* End PBXProject section */

/* Begin PBXResourcesBuildPhase section */
		551427501E2EDE030018DD09 /* Resources */ = {
			isa = PBXResourcesBuildPhase;
			buildActionMask = 2147483647;
			files = (
				551427601E2EDE030018DD09 /* LaunchScreen.storyboard in Resources */,
				5514275D1E2EDE030018DD09 /* Assets.xcassets in Resources */,
				5514275B1E2EDE030018DD09 /* Main.storyboard in Resources */,
			);
			runOnlyForDeploymentPostprocessing = 0;
		};
/* End PBXResourcesBuildPhase section */

/* Begin PBXSourcesBuildPhase section */
		5514274E1E2EDE030018DD09 /* Sources */ = {
			isa = PBXSourcesBuildPhase;
			buildActionMask = 2147483647;
			files = (
				551427581E2EDE030018DD09 /* ViewController.swift in Sources */,
				551427561E2EDE030018DD09 /* AppDelegate.swift in Sources */,
			);
			runOnlyForDeploymentPostprocessing = 0;
		};
/* End PBXSourcesBuildPhase section */

/* Begin PBXVariantGroup section */
		551427591E2EDE030018DD09 /* Main.storyboard */ = {
			isa = PBXVariantGroup;
			children = (
				5514275A1E2EDE030018DD09 /* Base */,
			);
			name = Main.storyboard;
			sourceTree = "<group>";
		};
		5514275E1E2EDE030018DD09 /* LaunchScreen.storyboard */ = {
			isa = PBXVariantGroup;
			children = (
				5514275F1E2EDE030018DD09 /* Base */,
			);
			name = LaunchScreen.storyboard;
			sourceTree = "<group>";
		};
/* End PBXVariantGroup section */

/* Begin XCBuildConfiguration section */
		551427621E2EDE030018DD09 /* Debug */ = {
			isa = XCBuildConfiguration;
			buildSettings = {
				ALWAYS_SEARCH_USER_PATHS = NO;
				CLANG_ANALYZER_NONNULL = YES;
				CLANG_CXX_LANGUAGE_STANDARD = "gnu++0x";
				CLANG_CXX_LIBRARY = "libc++";
				CLANG_ENABLE_MODULES = YES;
				CLANG_ENABLE_OBJC_ARC = YES;
				CLANG_WARN_BOOL_CONVERSION = YES;
				CLANG_WARN_CONSTANT_CONVERSION = YES;
				CLANG_WARN_DIRECT_OBJC_ISA_USAGE = YES_ERROR;
				CLANG_WARN_DOCUMENTATION_COMMENTS = YES;
				CLANG_WARN_EMPTY_BODY = YES;
				CLANG_WARN_ENUM_CONVERSION = YES;
				CLANG_WARN_INFINITE_RECURSION = YES;
				CLANG_WARN_INT_CONVERSION = YES;
				CLANG_WARN_OBJC_ROOT_CLASS = YES_ERROR;
				CLANG_WARN_SUSPICIOUS_MOVES = YES;
				CLANG_WARN_UNREACHABLE_CODE = YES;
				CLANG_WARN__DUPLICATE_METHOD_MATCH = YES;
				"CODE_SIGN_IDENTITY[sdk=iphoneos*]" = "iPhone Developer";
				COPY_PHASE_STRIP = NO;
				DEBUG_INFORMATION_FORMAT = dwarf;
				ENABLE_STRICT_OBJC_MSGSEND = YES;
				ENABLE_TESTABILITY = YES;
				GCC_C_LANGUAGE_STANDARD = gnu99;
				GCC_DYNAMIC_NO_PIC = NO;
				GCC_NO_COMMON_BLOCKS = YES;
				GCC_OPTIMIZATION_LEVEL = 0;
				GCC_PREPROCESSOR_DEFINITIONS = (
					"DEBUG=1",
					"$(inherited)",
				);
				GCC_WARN_64_TO_32_BIT_CONVERSION = YES;
				GCC_WARN_ABOUT_RETURN_TYPE = YES_ERROR;
				GCC_WARN_UNDECLARED_SELECTOR = YES;
				GCC_WARN_UNINITIALIZED_AUTOS = YES_AGGRESSIVE;
				GCC_WARN_UNUSED_FUNCTION = YES;
				GCC_WARN_UNUSED_VARIABLE = YES;
				IPHONEOS_DEPLOYMENT_TARGET = 10.1;
				MTL_ENABLE_DEBUG_INFO = YES;
				ONLY_ACTIVE_ARCH = YES;
				SDKROOT = iphoneos;
				SWIFT_ACTIVE_COMPILATION_CONDITIONS = DEBUG;
				SWIFT_OPTIMIZATION_LEVEL = "-Onone";
			};
			name = Debug;
		};
		551427631E2EDE030018DD09 /* Release */ = {
			isa = XCBuildConfiguration;
			buildSettings = {
				ALWAYS_SEARCH_USER_PATHS = NO;
				CLANG_ANALYZER_NONNULL = YES;
				CLANG_CXX_LANGUAGE_STANDARD = "gnu++0x";
				CLANG_CXX_LIBRARY = "libc++";
				CLANG_ENABLE_MODULES = YES;
				CLANG_ENABLE_OBJC_ARC = YES;
				CLANG_WARN_BOOL_CONVERSION = YES;
				CLANG_WARN_CONSTANT_CONVERSION = YES;
				CLANG_WARN_DIRECT_OBJC_ISA_USAGE = YES_ERROR;
				CLANG_WARN_DOCUMENTATION_COMMENTS = YES;
				CLANG_WARN_EMPTY_BODY = YES;
				CLANG_WARN_ENUM_CONVERSION = YES;
				CLANG_WARN_INFINITE_RECURSION = YES;
				CLANG_WARN_INT_CONVERSION = YES;
				CLANG_WARN_OBJC_ROOT_CLASS = YES_ERROR;
				CLANG_WARN_SUSPICIOUS_MOVES = YES;
				CLANG_WARN_UNREACHABLE_CODE = YES;
				CLANG_WARN__DUPLICATE_METHOD_MATCH = YES;
				"CODE_SIGN_IDENTITY[sdk=iphoneos*]" = "iPhone Developer";
				COPY_PHASE_STRIP = NO;
				DEBUG_INFORMATION_FORMAT = "dwarf-with-dsym";
				ENABLE_NS_ASSERTIONS = NO;
				ENABLE_STRICT_OBJC_MSGSEND = YES;
				GCC_C_LANGUAGE_STANDARD = gnu99;
				GCC_NO_COMMON_BLOCKS = YES;
				GCC_WARN_64_TO_32_BIT_CONVERSION = YES;
				GCC_WARN_ABOUT_RETURN_TYPE = YES_ERROR;
				GCC_WARN_UNDECLARED_SELECTOR = YES;
				GCC_WARN_UNINITIALIZED_AUTOS = YES_AGGRESSIVE;
				GCC_WARN_UNUSED_FUNCTION = YES;
				GCC_WARN_UNUSED_VARIABLE = YES;
				IPHONEOS_DEPLOYMENT_TARGET = 10.1;
				MTL_ENABLE_DEBUG_INFO = NO;
				SDKROOT = iphoneos;
				SWIFT_OPTIMIZATION_LEVEL = "-Owholemodule";
				VALIDATE_PRODUCT = YES;
			};
			name = Release;
		};
		551427651E2EDE030018DD09 /* Debug */ = {
			isa = XCBuildConfiguration;
			buildSettings = {
				ASSETCATALOG_COMPILER_APPICON_NAME = AppIcon;
				DEVELOPMENT_TEAM = 8KDQYJRUV8;
				INFOPLIST_FILE = "w2d1-demo/Info.plist";
				LD_RUNPATH_SEARCH_PATHS = "$(inherited) @executable_path/Frameworks";
				PRODUCT_BUNDLE_IDENTIFIER = "com.1morepx.llh.w2d1-demo";
				PRODUCT_NAME = "$(TARGET_NAME)";
				SWIFT_VERSION = 3.0;
			};
			name = Debug;
		};
		551427661E2EDE030018DD09 /* Release */ = {
			isa = XCBuildConfiguration;
			buildSettings = {
				ASSETCATALOG_COMPILER_APPICON_NAME = AppIcon;
				DEVELOPMENT_TEAM = 8KDQYJRUV8;
				INFOPLIST_FILE = "w2d1-demo/Info.plist";
				LD_RUNPATH_SEARCH_PATHS = "$(inherited) @executable_path/Frameworks";
				PRODUCT_BUNDLE_IDENTIFIER = "com.1morepx.llh.w2d1-demo";
				PRODUCT_NAME = "$(TARGET_NAME)";
				SWIFT_VERSION = 3.0;
			};
			name = Release;
		};
/* End XCBuildConfiguration section */

/* Begin XCConfigurationList section */
		5514274D1E2EDE030018DD09 /* Build configuration list for PBXProject "w2d1-demo" */ = {
			isa = XCConfigurationList;
			buildConfigurations = (
				551427621E2EDE030018DD09 /* Debug */,
				551427631E2EDE030018DD09 /* Release */,
			);
			defaultConfigurationIsVisible = 0;
			defaultConfigurationName = Release;
		};
		551427641E2EDE030018DD09 /* Build configuration list for PBXNativeTarget "w2d1-demo" */ = {
			isa = XCConfigurationList;
			buildConfigurations = (
				551427651E2EDE030018DD09 /* Debug */,
				551427661E2EDE030018DD09 /* Release */,
			);
			defaultConfigurationIsVisible = 0;
		};
/* End XCConfigurationList section */
	};
	rootObject = 5514274A1E2EDE030018DD09 /* Project object */;
}
